// !$*UTF8*$!
{
	archiveVersion = 1;
	classes = {
	};
	objectVersion = 46;
	objects = {

/* Begin PBXBuildFile section */
		6EEAB34C1D426E340038B75C /* AppDelegate.swift in Sources */ = {isa = PBXBuildFile; fileRef = 6EEAB34B1D426E340038B75C /* AppDelegate.swift */; };
		6EEAB34E1D426E340038B75C /* ViewController.swift in Sources */ = {isa = PBXBuildFile; fileRef = 6EEAB34D1D426E340038B75C /* ViewController.swift */; };
		6EEAB3511D426E340038B75C /* Main.storyboard in Resources */ = {isa = PBXBuildFile; fileRef = 6EEAB34F1D426E340038B75C /* Main.storyboard */; };
		6EEAB3531D426E340038B75C /* Assets.xcassets in Resources */ = {isa = PBXBuildFile; fileRef = 6EEAB3521D426E340038B75C /* Assets.xcassets */; };
		6EEAB3561D426E340038B75C /* LaunchScreen.storyboard in Resources */ = {isa = PBXBuildFile; fileRef = 6EEAB3541D426E340038B75C /* LaunchScreen.storyboard */; };
/* End PBXBuildFile section */

/* Begin PBXFileReference section */
		6EEAB3481D426E330038B75C /* Go Selfie.app */ = {isa = PBXFileReference; explicitFileType = wrapper.application; includeInIndex = 0; path = "Go Selfie.app"; sourceTree = BUILT_PRODUCTS_DIR; };
		6EEAB34B1D426E340038B75C /* AppDelegate.swift */ = {isa = PBXFileReference; lastKnownFileType = sourcecode.swift; path = AppDelegate.swift; sourceTree = "<group>"; };
		6EEAB34D1D426E340038B75C /* ViewController.swift */ = {isa = PBXFileReference; lastKnownFileType = sourcecode.swift; path = ViewController.swift; sourceTree = "<group>"; };
		6EEAB3501D426E340038B75C /* Base */ = {isa = PBXFileReference; lastKnownFileType = file.storyboard; name = Base; path = Base.lproj/Main.storyboard; sourceTree = "<group>"; };
		6EEAB3521D426E340038B75C /* Assets.xcassets */ = {isa = PBXFileReference; lastKnownFileType = folder.assetcatalog; path = Assets.xcassets; sourceTree = "<group>"; };
		6EEAB3551D426E340038B75C /* Base */ = {isa = PBXFileReference; lastKnownFileType = file.storyboard; name = Base; path = Base.lproj/LaunchScreen.storyboard; sourceTree = "<group>"; };
		6EEAB3571D426E340038B75C /* Info.plist */ = {isa = PBXFileReference; lastKnownFileType = text.plist.xml; path = Info.plist; sourceTree = "<group>"; };
/* End PBXFileReference section */

/* Begin PBXFrameworksBuildPhase section */
		6EEAB3451D426E330038B75C /* Frameworks */ = {
			isa = PBXFrameworksBuildPhase;
			buildActionMask = 2147483647;
			files = (
			);
			runOnlyForDeploymentPostprocessing = 0;
		};
/* End PBXFrameworksBuildPhase section */

/* Begin PBXGroup section */
		6EEAB33F1D426E330038B75C = {
			isa = PBXGroup;
			children = (
				6EEAB34A1D426E330038B75C /* Go Selfie */,
				6EEAB3491D426E330038B75C /* Products */,
			);
			sourceTree = "<group>";
		};
		6EEAB3491D426E330038B75C /* Products */ = {
			isa = PBXGroup;
			children = (
				6EEAB3481D426E330038B75C /* Go Selfie.app */,
			);
			name = Products;
			sourceTree = "<group>";
		};
		6EEAB34A1D426E330038B75C /* Go Selfie */ = {
			isa = PBXGroup;
			children = (
				6EEAB34B1D426E340038B75C /* AppDelegate.swift */,
				6EEAB34D1D426E340038B75C /* ViewController.swift */,
				6EEAB34F1D426E340038B75C /* Main.storyboard */,
				6EEAB3521D426E340038B75C /* Assets.xcassets */,
				6EEAB3541D426E340038B75C /* LaunchScreen.storyboard */,
				6EEAB3571D426E340038B75C /* Info.plist */,
			);
			path = "Go Selfie";
			sourceTree = "<group>";
		};
/* End PBXGroup section */

/* Begin PBXNativeTarget section */
		6EEAB3471D426E330038B75C /* Go Selfie */ = {
			isa = PBXNativeTarget;
			buildConfigurationList = 6EEAB35A1D426E340038B75C /* Build configuration list for PBXNativeTarget "Go Selfie" */;
			buildPhases = (
				6EEAB3441D426E330038B75C /* Sources */,
				6EEAB3451D426E330038B75C /* Frameworks */,
				6EEAB3461D426E330038B75C /* Resources */,
			);
			buildRules = (
			);
			dependencies = (
			);
			name = "Go Selfie";
			productName = "Go Selfie";
			productReference = 6EEAB3481D426E330038B75C /* Go Selfie.app */;
			productType = "com.apple.product-type.application";
		};
/* End PBXNativeTarget section */

/* Begin PBXProject section */
		6EEAB3401D426E330038B75C /* Project object */ = {
			isa = PBXProject;
			attributes = {
				LastSwiftUpdateCheck = 0730;
				LastUpgradeCheck = 0730;
				ORGANIZATIONNAME = "srikanth reddy ";
				TargetAttributes = {
					6EEAB3471D426E330038B75C = {
						CreatedOnToolsVersion = 7.3.1;
					};
				};
			};
			buildConfigurationList = 6EEAB3431D426E330038B75C /* Build configuration list for PBXProject "Go Selfie" */;
			compatibilityVersion = "Xcode 3.2";
			developmentRegion = English;
			hasScannedForEncodings = 0;
			knownRegions = (
				en,
				Base,
			);
			mainGroup = 6EEAB33F1D426E330038B75C;
			productRefGroup = 6EEAB3491D426E330038B75C /* Products */;
			projectDirPath = "";
			projectRoot = "";
			targets = (
				6EEAB3471D426E330038B75C /* Go Selfie */,
			);
		};
/* End PBXProject section */

/* Begin PBXResourcesBuildPhase section */
		6EEAB3461D426E330038B75C /* Resources */ = {
			isa = PBXResourcesBuildPhase;
			buildActionMask = 2147483647;
			files = (
				6EEAB3561D426E340038B75C /* LaunchScreen.storyboard in Resources */,
				6EEAB3531D426E340038B75C /* Assets.xcassets in Resources */,
				6EEAB3511D426E340038B75C /* Main.storyboard in Resources */,
			);
			runOnlyForDeploymentPostprocessing = 0;
		};
/* End PBXResourcesBuildPhase section */

/* Begin PBXSourcesBuildPhase section */
		6EEAB3441D426E330038B75C /* Sources */ = {
			isa = PBXSourcesBuildPhase;
			buildActionMask = 2147483647;
			files = (
				6EEAB34E1D426E340038B75C /* ViewController.swift in Sources */,
				6EEAB34C1D426E340038B75C /* AppDelegate.swift in Sources */,
			);
			runOnlyForDeploymentPostprocessing = 0;
		};
/* End PBXSourcesBuildPhase section */

/* Begin PBXVariantGroup section */
		6EEAB34F1D426E340038B75C /* Main.storyboard */ = {
			isa = PBXVariantGroup;
			children = (
				6EEAB3501D426E340038B75C /* Base */,
			);
			name = Main.storyboard;
			sourceTree = "<group>";
		};
		6EEAB3541D426E340038B75C /* LaunchScreen.storyboard */ = {
			isa = PBXVariantGroup;
			children = (
				6EEAB3551D426E340038B75C /* Base */,
			);
			name = LaunchScreen.storyboard;
			sourceTree = "<group>";
		};
/* End PBXVariantGroup section */

/* Begin XCBuildConfiguration section */
		6EEAB3581D426E340038B75C /* Debug */ = {
			isa = XCBuildConfiguration;
			buildSettings = {
				ALWAYS_SEARCH_USER_PATHS = NO;
				CLANG_ANALYZER_NONNULL = YES;
				CLANG_CXX_LANGUAGE_STANDARD = "gnu++0x";
				CLANG_CXX_LIBRARY = "libc++";
				CLANG_ENABLE_MODULES = YES;
				CLANG_ENABLE_OBJC_ARC = YES;
				CLANG_WARN_BOOL_CONVERSION = YES;
				CLANG_WARN_CONSTANT_CONVERSION = YES;
				CLANG_WARN_DIRECT_OBJC_ISA_USAGE = YES_ERROR;
				CLANG_WARN_EMPTY_BODY = YES;
				CLANG_WARN_ENUM_CONVERSION = YES;
				CLANG_WARN_INT_CONVERSION = YES;
				CLANG_WARN_OBJC_ROOT_CLASS = YES_ERROR;
				CLANG_WARN_UNREACHABLE_CODE = YES;
				CLANG_WARN__DUPLICATE_METHOD_MATCH = YES;
				"CODE_SIGN_IDENTITY[sdk=iphoneos*]" = "iPhone Developer";
				COPY_PHASE_STRIP = NO;
				DEBUG_INFORMATION_FORMAT = dwarf;
				ENABLE_STRICT_OBJC_MSGSEND = YES;
				ENABLE_TESTABILITY = YES;
				GCC_C_LANGUAGE_STANDARD = gnu99;
				GCC_DYNAMIC_NO_PIC = NO;
				GCC_NO_COMMON_BLOCKS = YES;
				GCC_OPTIMIZATION_LEVEL = 0;
				GCC_PREPROCESSOR_DEFINITIONS = (
					"DEBUG=1",
					"$(inherited)",
				);
				GCC_WARN_64_TO_32_BIT_CONVERSION = YES;
				GCC_WARN_ABOUT_RETURN_TYPE = YES_ERROR;
				GCC_WARN_UNDECLARED_SELECTOR = YES;
				GCC_WARN_UNINITIALIZED_AUTOS = YES_AGGRESSIVE;
				GCC_WARN_UNUSED_FUNCTION = YES;
				GCC_WARN_UNUSED_VARIABLE = YES;
				IPHONEOS_DEPLOYMENT_TARGET = 9.3;
				MTL_ENABLE_DEBUG_INFO = YES;
				ONLY_ACTIVE_ARCH = YES;
				SDKROOT = iphoneos;
				SWIFT_OPTIMIZATION_LEVEL = "-Onone";
				TARGETED_DEVICE_FAMILY = "1,2";
			};
			name = Debug;
		};
		6EEAB3591D426E340038B75C /* Release */ = {
			isa = XCBuildConfiguration;
			buildSettings = {
				ALWAYS_SEARCH_USER_PATHS = NO;
				CLANG_ANALYZER_NONNULL = YES;
				CLANG_CXX_LANGUAGE_STANDARD = "gnu++0x";
				CLANG_CXX_LIBRARY = "libc++";
				CLANG_ENABLE_MODULES = YES;
				CLANG_ENABLE_OBJC_ARC = YES;
				CLANG_WARN_BOOL_CONVERSION = YES;
				CLANG_WARN_CONSTANT_CONVERSION = YES;
				CLANG_WARN_DIRECT_OBJC_ISA_USAGE = YES_ERROR;
				CLANG_WARN_EMPTY_BODY = YES;
				CLANG_WARN_ENUM_CONVERSION = YES;
				CLANG_WARN_INT_CONVERSION = YES;
				CLANG_WARN_OBJC_ROOT_CLASS = YES_ERROR;
				CLANG_WARN_UNREACHABLE_CODE = YES;
				CLANG_WARN__DUPLICATE_METHOD_MATCH = YES;
				"CODE_SIGN_IDENTITY[sdk=iphoneos*]" = "iPhone Developer";
				COPY_PHASE_STRIP = NO;
				DEBUG_INFORMATION_FORMAT = "dwarf-with-dsym";
				ENABLE_NS_ASSERTIONS = NO;
				ENABLE_STRICT_OBJC_MSGSEND = YES;
				GCC_C_LANGUAGE_STANDARD = gnu99;
				GCC_NO_COMMON_BLOCKS = YES;
				GCC_WARN_64_TO_32_BIT_CONVERSION = YES;
				GCC_WARN_ABOUT_RETURN_TYPE = YES_ERROR;
				GCC_WARN_UNDECLARED_SELECTOR = YES;
				GCC_WARN_UNINITIALIZED_AUTOS = YES_AGGRESSIVE;
				GCC_WARN_UNUSED_FUNCTION = YES;
				GCC_WARN_UNUSED_VARIABLE = YES;
				IPHONEOS_DEPLOYMENT_TARGET = 9.3;
				MTL_ENABLE_DEBUG_INFO = NO;
				SDKROOT = iphoneos;
				TARGETED_DEVICE_FAMILY = "1,2";
				VALIDATE_PRODUCT = YES;
			};
			name = Release;
		};
		6EEAB35B1D426E340038B75C /* Debug */ = {
			isa = XCBuildConfiguration;
			buildSettings = {
				ASSETCATALOG_COMPILER_APPICON_NAME = AppIcon;
				INFOPLIST_FILE = "Go Selfie/Info.plist";
				LD_RUNPATH_SEARCH_PATHS = "$(inherited) @executable_path/Frameworks";
				PRODUCT_BUNDLE_IDENTIFIER = "com.srikanth-reddy.Go-Selfie";
				PRODUCT_NAME = "$(TARGET_NAME)";
			};
			name = Debug;
		};
		6EEAB35C1D426E340038B75C /* Release */ = {
			isa = XCBuildConfiguration;
			buildSettings = {
				ASSETCATALOG_COMPILER_APPICON_NAME = AppIcon;
				INFOPLIST_FILE = "Go Selfie/Info.plist";
				LD_RUNPATH_SEARCH_PATHS = "$(inherited) @executable_path/Frameworks";
				PRODUCT_BUNDLE_IDENTIFIER = "com.srikanth-reddy.Go-Selfie";
				PRODUCT_NAME = "$(TARGET_NAME)";
			};
			name = Release;
		};
/* End XCBuildConfiguration section */

/* Begin XCConfigurationList section */
		6EEAB3431D426E330038B75C /* Build configuration list for PBXProject "Go Selfie" */ = {
			isa = XCConfigurationList;
			buildConfigurations = (
				6EEAB3581D426E340038B75C /* Debug */,
				6EEAB3591D426E340038B75C /* Release */,
			);
			defaultConfigurationIsVisible = 0;
			defaultConfigurationName = Release;
		};
		6EEAB35A1D426E340038B75C /* Build configuration list for PBXNativeTarget "Go Selfie" */ = {
			isa = XCConfigurationList;
			buildConfigurations = (
				6EEAB35B1D426E340038B75C /* Debug */,
				6EEAB35C1D426E340038B75C /* Release */,
			);
			defaultConfigurationIsVisible = 0;
		};
/* End XCConfigurationList section */
	};
	rootObject = 6EEAB3401D426E330038B75C /* Project object */;
}
